// !$*UTF8*$!
{
	archiveVersion = 1;
	classes = {
	};
	objectVersion = 60;
	objects = {

/* Begin PBXBuildFile section */
		45E6073F539D710DF355B579 /* Pods_PoseBakeoff.framework in Frameworks */ = {isa = PBXBuildFile; fileRef = B72F0E373AE31F9EDDDD1096 /* Pods_PoseBakeoff.framework */; };
		A10000000000000000000001 /* PoseBakeoffApp.swift in Sources */ = {isa = PBXBuildFile; fileRef = A20000000000000000000001 /* PoseBakeoffApp.swift */; };
		A10000000000000000000002 /* PoseBakeoffView.swift in Sources */ = {isa = PBXBuildFile; fileRef = A20000000000000000000002 /* PoseBakeoffView.swift */; };
		A10000000000000000000003 /* TrainerApp.swift in Sources */ = {isa = PBXBuildFile; fileRef = A20000000000000000000003 /* TrainerApp.swift */; };
		A10000000000000000000004 /* TrainerRootView.swift in Sources */ = {isa = PBXBuildFile; fileRef = A20000000000000000000004 /* TrainerRootView.swift */; };
		A10000000000000000000005 /* PoseCore in Frameworks */ = {isa = PBXBuildFile; productRef = A70000000000000000000001 /* PoseCore */; };
		A10000000000000000000006 /* SquatAnalysis in Frameworks */ = {isa = PBXBuildFile; productRef = A70000000000000000000002 /* SquatAnalysis */; };
		A10000000000000000000007 /* PoseCore in Frameworks */ = {isa = PBXBuildFile; productRef = A70000000000000000000001 /* PoseCore */; };
		A10000000000000000000008 /* SquatAnalysis in Frameworks */ = {isa = PBXBuildFile; productRef = A70000000000000000000002 /* SquatAnalysis */; };
		A10000000000000000000009 /* AppleVisionPoseEstimator.swift in Sources */ = {isa = PBXBuildFile; fileRef = A20000000000000000000007 /* AppleVisionPoseEstimator.swift */; };
		A1000000000000000000000A /* MediaPipePoseEstimator.swift in Sources */ = {isa = PBXBuildFile; fileRef = A20000000000000000000008 /* MediaPipePoseEstimator.swift */; };
		A1000000000000000000000B /* pose_landmarker_full.task in Resources */ = {isa = PBXBuildFile; fileRef = A20000000000000000000009 /* pose_landmarker_full.task */; };
		A1000000000000000000000C /* LiveCameraViabilityView.swift in Sources */ = {isa = PBXBuildFile; fileRef = A2000000000000000000000A /* LiveCameraViabilityView.swift */; };
		A1000000000000000000000D /* TrainerCore in Frameworks */ = {isa = PBXBuildFile; productRef = A70000000000000000000006 /* TrainerCore */; };
/* End PBXBuildFile section */

/* Begin PBXFileReference section */
		21B9AEE022E4141CE2FF8799 /* Pods-PoseBakeoff.release.xcconfig */ = {isa = PBXFileReference; includeInIndex = 1; lastKnownFileType = text.xcconfig; name = "Pods-PoseBakeoff.release.xcconfig"; path = "Target Support Files/Pods-PoseBakeoff/Pods-PoseBakeoff.release.xcconfig"; sourceTree = "<group>"; };
		A20000000000000000000001 /* PoseBakeoffApp.swift */ = {isa = PBXFileReference; lastKnownFileType = sourcecode.swift; path = PoseBakeoffApp.swift; sourceTree = "<group>"; };
		A20000000000000000000002 /* PoseBakeoffView.swift */ = {isa = PBXFileReference; lastKnownFileType = sourcecode.swift; path = PoseBakeoffView.swift; sourceTree = "<group>"; };
		A20000000000000000000003 /* TrainerApp.swift */ = {isa = PBXFileReference; lastKnownFileType = sourcecode.swift; path = TrainerApp.swift; sourceTree = "<group>"; };
		A20000000000000000000004 /* TrainerRootView.swift */ = {isa = PBXFileReference; lastKnownFileType = sourcecode.swift; path = TrainerRootView.swift; sourceTree = "<group>"; };
		A20000000000000000000005 /* PoseBakeoff.app */ = {isa = PBXFileReference; explicitFileType = wrapper.application; includeInIndex = 0; path = PoseBakeoff.app; sourceTree = BUILT_PRODUCTS_DIR; };
		A20000000000000000000006 /* TrainerApp.app */ = {isa = PBXFileReference; explicitFileType = wrapper.application; includeInIndex = 0; path = TrainerApp.app; sourceTree = BUILT_PRODUCTS_DIR; };
		A20000000000000000000007 /* AppleVisionPoseEstimator.swift */ = {isa = PBXFileReference; lastKnownFileType = sourcecode.swift; path = AppleVisionPoseEstimator.swift; sourceTree = "<group>"; };
		A20000000000000000000008 /* MediaPipePoseEstimator.swift */ = {isa = PBXFileReference; lastKnownFileType = sourcecode.swift; path = MediaPipePoseEstimator.swift; sourceTree = "<group>"; };
		A20000000000000000000009 /* pose_landmarker_full.task */ = {isa = PBXFileReference; lastKnownFileType = file; path = pose_landmarker_full.task; sourceTree = "<group>"; };
		A2000000000000000000000A /* LiveCameraViabilityView.swift */ = {isa = PBXFileReference; lastKnownFileType = sourcecode.swift; path = LiveCameraViabilityView.swift; sourceTree = "<group>"; };
		B72F0E373AE31F9EDDDD1096 /* Pods_PoseBakeoff.framework */ = {isa = PBXFileReference; explicitFileType = wrapper.framework; includeInIndex = 0; path = Pods_PoseBakeoff.framework; sourceTree = BUILT_PRODUCTS_DIR; };
		F59C64CB3B203CE0598CCFDC /* Pods-PoseBakeoff.debug.xcconfig */ = {isa = PBXFileReference; includeInIndex = 1; lastKnownFileType = text.xcconfig; name = "Pods-PoseBakeoff.debug.xcconfig"; path = "Target Support Files/Pods-PoseBakeoff/Pods-PoseBakeoff.debug.xcconfig"; sourceTree = "<group>"; };
/* End PBXFileReference section */

/* Begin PBXFrameworksBuildPhase section */
		A30000000000000000000001 /* Frameworks */ = {
			isa = PBXFrameworksBuildPhase;
			buildActionMask = 2147483647;
			files = (
				A10000000000000000000005 /* PoseCore in Frameworks */,
				A10000000000000000000006 /* SquatAnalysis in Frameworks */,
				45E6073F539D710DF355B579 /* Pods_PoseBakeoff.framework in Frameworks */,
			);
			runOnlyForDeploymentPostprocessing = 0;
		};
		A30000000000000000000002 /* Frameworks */ = {
			isa = PBXFrameworksBuildPhase;
			buildActionMask = 2147483647;
			files = (
				A10000000000000000000007 /* PoseCore in Frameworks */,
				A10000000000000000000008 /* SquatAnalysis in Frameworks */,
				A1000000000000000000000D /* TrainerCore in Frameworks */,
			);
			runOnlyForDeploymentPostprocessing = 0;
		};
/* End PBXFrameworksBuildPhase section */

/* Begin PBXGroup section */
		3647DE1DF89AEB1B60277A55 /* Frameworks */ = {
			isa = PBXGroup;
			children = (
				B72F0E373AE31F9EDDDD1096 /* Pods_PoseBakeoff.framework */,
			);
			name = Frameworks;
			sourceTree = "<group>";
		};
		917E7C826DC51F180925EA2F /* Pods */ = {
			isa = PBXGroup;
			children = (
				F59C64CB3B203CE0598CCFDC /* Pods-PoseBakeoff.debug.xcconfig */,
				21B9AEE022E4141CE2FF8799 /* Pods-PoseBakeoff.release.xcconfig */,
			);
			name = Pods;
			path = Pods;
			sourceTree = "<group>";
		};
		A40000000000000000000001 = {
			isa = PBXGroup;
			children = (
				A40000000000000000000002 /* PoseBakeoff */,
				A40000000000000000000003 /* TrainerApp */,
				A40000000000000000000004 /* Products */,
				917E7C826DC51F180925EA2F /* Pods */,
				3647DE1DF89AEB1B60277A55 /* Frameworks */,
			);
			sourceTree = "<group>";
		};
		A40000000000000000000002 /* PoseBakeoff */ = {
			isa = PBXGroup;
			children = (
				A40000000000000000000005 /* Sources */,
				A40000000000000000000007 /* Resources */,
			);
			path = PoseBakeoff;
			sourceTree = "<group>";
		};
		A40000000000000000000003 /* TrainerApp */ = {
			isa = PBXGroup;
			children = (
				A40000000000000000000006 /* Sources */,
			);
			path = TrainerApp;
			sourceTree = "<group>";
		};
		A40000000000000000000004 /* Products */ = {
			isa = PBXGroup;
			children = (
				A20000000000000000000005 /* PoseBakeoff.app */,
				A20000000000000000000006 /* TrainerApp.app */,
			);
			name = Products;
			sourceTree = "<group>";
		};
		A40000000000000000000005 /* Sources */ = {
			isa = PBXGroup;
			children = (
				A20000000000000000000001 /* PoseBakeoffApp.swift */,
				A20000000000000000000002 /* PoseBakeoffView.swift */,
				A20000000000000000000007 /* AppleVisionPoseEstimator.swift */,
				A20000000000000000000008 /* MediaPipePoseEstimator.swift */,
				A2000000000000000000000A /* LiveCameraViabilityView.swift */,
			);
			path = Sources;
			sourceTree = "<group>";
		};
		A40000000000000000000006 /* Sources */ = {
			isa = PBXGroup;
			children = (
				A20000000000000000000003 /* TrainerApp.swift */,
				A20000000000000000000004 /* TrainerRootView.swift */,
			);
			path = Sources;
			sourceTree = "<group>";
		};
		A40000000000000000000007 /* Resources */ = {
			isa = PBXGroup;
			children = (
				A20000000000000000000009 /* pose_landmarker_full.task */,
			);
			path = Resources;
			sourceTree = "<group>";
		};
/* End PBXGroup section */

/* Begin PBXNativeTarget section */
		A50000000000000000000001 /* PoseBakeoff */ = {
			isa = PBXNativeTarget;
			buildConfigurationList = A90000000000000000000003 /* Build configuration list for PBXNativeTarget "PoseBakeoff" */;
			buildPhases = (
				3AD650ECAF34051E3B958D65 /* [CP] Check Pods Manifest.lock */,
				A60000000000000000000001 /* Sources */,
				A30000000000000000000001 /* Frameworks */,
				A60000000000000000000002 /* Resources */,
			);
			buildRules = (
			);
			dependencies = (
			);
			name = PoseBakeoff;
			packageProductDependencies = (
				A70000000000000000000001 /* PoseCore */,
				A70000000000000000000002 /* SquatAnalysis */,
			);
			productName = PoseBakeoff;
			productReference = A20000000000000000000005 /* PoseBakeoff.app */;
			productType = "com.apple.product-type.application";
		};
		A50000000000000000000002 /* TrainerApp */ = {
			isa = PBXNativeTarget;
			buildConfigurationList = A90000000000000000000004 /* Build configuration list for PBXNativeTarget "TrainerApp" */;
			buildPhases = (
				A60000000000000000000003 /* Sources */,
				A30000000000000000000002 /* Frameworks */,
				A60000000000000000000004 /* Resources */,
			);
			buildRules = (
			);
			dependencies = (
			);
			name = TrainerApp;
			packageProductDependencies = (
				A70000000000000000000001 /* PoseCore */,
				A70000000000000000000002 /* SquatAnalysis */,
				A70000000000000000000006 /* TrainerCore */,
			);
			productName = TrainerApp;
			productReference = A20000000000000000000006 /* TrainerApp.app */;
			productType = "com.apple.product-type.application";
		};
/* End PBXNativeTarget section */

/* Begin PBXProject section */
		A80000000000000000000001 /* Project object */ = {
			isa = PBXProject;
			attributes = {
				BuildIndependentTargetsInParallel = 1;
				LastSwiftUpdateCheck = 1640;
				LastUpgradeCheck = 1640;
				TargetAttributes = {
					A50000000000000000000001 = {
						CreatedOnToolsVersion = 16.4;
					};
					A50000000000000000000002 = {
						CreatedOnToolsVersion = 16.4;
					};
				};
			};
			buildConfigurationList = A90000000000000000000001 /* Build configuration list for PBXProject "SquatTrainer" */;
			compatibilityVersion = "Xcode 15.0";
			developmentRegion = en;
			hasScannedForEncodings = 0;
			knownRegions = (
				en,
				Base,
			);
			mainGroup = A40000000000000000000001;
			minimizedProjectReferenceProxies = 1;
			packageReferences = (
				A70000000000000000000003 /* XCLocalSwiftPackageReference "PoseCore" */,
				A70000000000000000000004 /* XCLocalSwiftPackageReference "SquatAnalysis" */,
				A70000000000000000000005 /* XCLocalSwiftPackageReference "TrainerCore" */,
			);
			preferredProjectObjectVersion = 77;
			productRefGroup = A40000000000000000000004 /* Products */;
			projectDirPath = "";
			projectRoot = "";
			targets = (
				A50000000000000000000001 /* PoseBakeoff */,
				A50000000000000000000002 /* TrainerApp */,
			);
		};
/* End PBXProject section */

/* Begin PBXResourcesBuildPhase section */
		A60000000000000000000002 /* Resources */ = {
			isa = PBXResourcesBuildPhase;
			buildActionMask = 2147483647;
			files = (
				A1000000000000000000000B /* pose_landmarker_full.task in Resources */,
			);
			runOnlyForDeploymentPostprocessing = 0;
		};
		A60000000000000000000004 /* Resources */ = {
			isa = PBXResourcesBuildPhase;
			buildActionMask = 2147483647;
			files = (
			);
			runOnlyForDeploymentPostprocessing = 0;
		};
/* End PBXResourcesBuildPhase section */

/* Begin PBXShellScriptBuildPhase section */
		3AD650ECAF34051E3B958D65 /* [CP] Check Pods Manifest.lock */ = {
			isa = PBXShellScriptBuildPhase;
			buildActionMask = 2147483647;
			files = (
			);
			inputFileListPaths = (
			);
			inputPaths = (
				"${PODS_PODFILE_DIR_PATH}/Podfile.lock",
				"${PODS_ROOT}/Manifest.lock",
			);
			name = "[CP] Check Pods Manifest.lock";
			outputFileListPaths = (
			);
			outputPaths = (
				"$(DERIVED_FILE_DIR)/Pods-PoseBakeoff-checkManifestLockResult.txt",
			);
			runOnlyForDeploymentPostprocessing = 0;
			shellPath = /bin/sh;
			shellScript = "diff \"${PODS_PODFILE_DIR_PATH}/Podfile.lock\" \"${PODS_ROOT}/Manifest.lock\" > /dev/null\nif [ $? != 0 ] ; then\n    # print error to STDERR\n    echo \"error: The sandbox is not in sync with the Podfile.lock. Run 'pod install' or update your CocoaPods installation.\" >&2\n    exit 1\nfi\n# This output is used by Xcode 'outputs' to avoid re-running this script phase.\necho \"SUCCESS\" > \"${SCRIPT_OUTPUT_FILE_0}\"\n";
			showEnvVarsInLog = 0;
		};
/* End PBXShellScriptBuildPhase section */

/* Begin PBXSourcesBuildPhase section */
		A60000000000000000000001 /* Sources */ = {
			isa = PBXSourcesBuildPhase;
			buildActionMask = 2147483647;
			files = (
				A10000000000000000000001 /* PoseBakeoffApp.swift in Sources */,
				A10000000000000000000002 /* PoseBakeoffView.swift in Sources */,
				A10000000000000000000009 /* AppleVisionPoseEstimator.swift in Sources */,
				A1000000000000000000000A /* MediaPipePoseEstimator.swift in Sources */,
				A1000000000000000000000C /* LiveCameraViabilityView.swift in Sources */,
			);
			runOnlyForDeploymentPostprocessing = 0;
		};
		A60000000000000000000003 /* Sources */ = {
			isa = PBXSourcesBuildPhase;
			buildActionMask = 2147483647;
			files = (
				A10000000000000000000003 /* TrainerApp.swift in Sources */,
				A10000000000000000000004 /* TrainerRootView.swift in Sources */,
			);
			runOnlyForDeploymentPostprocessing = 0;
		};
/* End PBXSourcesBuildPhase section */

/* Begin XCBuildConfiguration section */
		A90000000000000000000005 /* Debug */ = {
			isa = XCBuildConfiguration;
			buildSettings = {
				ALWAYS_SEARCH_USER_PATHS = NO;
				CLANG_ENABLE_MODULES = YES;
				CLANG_ENABLE_OBJC_ARC = YES;
				CLANG_WARN_BLOCK_CAPTURE_AUTORELEASING = YES;
				CLANG_WARN_BOOL_CONVERSION = YES;
				CLANG_WARN_COMMA = YES;
				CLANG_WARN_CONSTANT_CONVERSION = YES;
				CLANG_WARN_DEPRECATED_OBJC_IMPLEMENTATIONS = YES;
				CLANG_WARN_DIRECT_OBJC_ISA_USAGE = YES_ERROR;
				CLANG_WARN_DOCUMENTATION_COMMENTS = YES;
				CLANG_WARN_EMPTY_BODY = YES;
				CLANG_WARN_ENUM_CONVERSION = YES;
				CLANG_WARN_INFINITE_RECURSION = YES;
				CLANG_WARN_INT_CONVERSION = YES;
				CLANG_WARN_NON_LITERAL_NULL_CONVERSION = YES;
				CLANG_WARN_OBJC_IMPLICIT_RETAIN_SELF = YES;
				CLANG_WARN_OBJC_LITERAL_CONVERSION = YES;
				CLANG_WARN_OBJC_ROOT_CLASS = YES_ERROR;
				CLANG_WARN_QUOTED_INCLUDE_IN_FRAMEWORK_HEADER = YES;
				CLANG_WARN_RANGE_LOOP_ANALYSIS = YES;
				CLANG_WARN_STRICT_PROTOTYPES = YES;
				CLANG_WARN_SUSPICIOUS_MOVE = YES;
				CLANG_WARN_UNGUARDED_AVAILABILITY = YES_AGGRESSIVE;
				CLANG_WARN_UNREACHABLE_CODE = YES;
				CLANG_WARN__DUPLICATE_METHOD_MATCH = YES;
				COPY_PHASE_STRIP = NO;
				DEBUG_INFORMATION_FORMAT = dwarf;
				ENABLE_STRICT_OBJC_MSGSEND = YES;
				ENABLE_TESTABILITY = YES;
				GCC_C_LANGUAGE_STANDARD = gnu17;
				GCC_DYNAMIC_NO_PIC = NO;
				GCC_NO_COMMON_BLOCKS = YES;
				GCC_OPTIMIZATION_LEVEL = 0;
				GCC_PREPROCESSOR_DEFINITIONS = (
					"DEBUG=1",
					"$(inherited)",
				);
				GCC_WARN_64_TO_32_BIT_CONVERSION = YES;
				GCC_WARN_ABOUT_RETURN_TYPE = YES_ERROR;
				GCC_WARN_UNDECLARED_SELECTOR = YES;
				GCC_WARN_UNINITIALIZED_AUTOS = YES_AGGRESSIVE;
				GCC_WARN_UNUSED_FUNCTION = YES;
				GCC_WARN_UNUSED_VARIABLE = YES;
				IPHONEOS_DEPLOYMENT_TARGET = 17.0;
				MTL_ENABLE_DEBUG_INFO = INCLUDE_SOURCE;
				MTL_FAST_MATH = YES;
				ONLY_ACTIVE_ARCH = YES;
				SDKROOT = iphoneos;
				SWIFT_ACTIVE_COMPILATION_CONDITIONS = DEBUG;
				SWIFT_OPTIMIZATION_LEVEL = "-Onone";
			};
			name = Debug;
		};
		A90000000000000000000006 /* Release */ = {
			isa = XCBuildConfiguration;
			buildSettings = {
				ALWAYS_SEARCH_USER_PATHS = NO;
				CLANG_ENABLE_MODULES = YES;
				CLANG_ENABLE_OBJC_ARC = YES;
				CLANG_WARN_BLOCK_CAPTURE_AUTORELEASING = YES;
				CLANG_WARN_BOOL_CONVERSION = YES;
				CLANG_WARN_COMMA = YES;
				CLANG_WARN_CONSTANT_CONVERSION = YES;
				CLANG_WARN_DEPRECATED_OBJC_IMPLEMENTATIONS = YES;
				CLANG_WARN_DIRECT_OBJC_ISA_USAGE = YES_ERROR;
				CLANG_WARN_DOCUMENTATION_COMMENTS = YES;
				CLANG_WARN_EMPTY_BODY = YES;
				CLANG_WARN_ENUM_CONVERSION = YES;
				CLANG_WARN_INFINITE_RECURSION = YES;
				CLANG_WARN_INT_CONVERSION = YES;
				CLANG_WARN_NON_LITERAL_NULL_CONVERSION = YES;
				CLANG_WARN_OBJC_IMPLICIT_RETAIN_SELF = YES;
				CLANG_WARN_OBJC_LITERAL_CONVERSION = YES;
				CLANG_WARN_OBJC_ROOT_CLASS = YES_ERROR;
				CLANG_WARN_QUOTED_INCLUDE_IN_FRAMEWORK_HEADER = YES;
				CLANG_WARN_RANGE_LOOP_ANALYSIS = YES;
				CLANG_WARN_STRICT_PROTOTYPES = YES;
				CLANG_WARN_SUSPICIOUS_MOVE = YES;
				CLANG_WARN_UNGUARDED_AVAILABILITY = YES_AGGRESSIVE;
				CLANG_WARN_UNREACHABLE_CODE = YES;
				CLANG_WARN__DUPLICATE_METHOD_MATCH = YES;
				COPY_PHASE_STRIP = NO;
				DEBUG_INFORMATION_FORMAT = "dwarf-with-dsym";
				ENABLE_NS_ASSERTIONS = NO;
				ENABLE_STRICT_OBJC_MSGSEND = YES;
				GCC_C_LANGUAGE_STANDARD = gnu17;
				GCC_NO_COMMON_BLOCKS = YES;
				GCC_WARN_64_TO_32_BIT_CONVERSION = YES;
				GCC_WARN_ABOUT_RETURN_TYPE = YES_ERROR;
				GCC_WARN_UNDECLARED_SELECTOR = YES;
				GCC_WARN_UNINITIALIZED_AUTOS = YES_AGGRESSIVE;
				GCC_WARN_UNUSED_FUNCTION = YES;
				GCC_WARN_UNUSED_VARIABLE = YES;
				IPHONEOS_DEPLOYMENT_TARGET = 17.0;
				MTL_ENABLE_DEBUG_INFO = NO;
				MTL_FAST_MATH = YES;
				SDKROOT = iphoneos;
				SWIFT_COMPILATION_MODE = wholemodule;
				VALIDATE_PRODUCT = YES;
			};
			name = Release;
		};
		A90000000000000000000007 /* Debug */ = {
			isa = XCBuildConfiguration;
			baseConfigurationReference = F59C64CB3B203CE0598CCFDC /* Pods-PoseBakeoff.debug.xcconfig */;
			buildSettings = {
				ASSETCATALOG_COMPILER_GLOBAL_ACCENT_COLOR_NAME = AccentColor;
				CODE_SIGN_STYLE = Automatic;
				CURRENT_PROJECT_VERSION = 1;
				DEVELOPMENT_TEAM = "";
				ENABLE_PREVIEWS = YES;
				GENERATE_INFOPLIST_FILE = YES;
				INFOPLIST_KEY_NSCameraUsageDescription = "PoseBakeoff uses the camera to measure live pose tracking viability.";
				INFOPLIST_KEY_UIApplicationSceneManifest_Generation = YES;
				INFOPLIST_KEY_UIApplicationSupportsIndirectInputEvents = YES;
				INFOPLIST_KEY_UILaunchScreen_Generation = YES;
				INFOPLIST_KEY_UISupportedInterfaceOrientations_iPhone = "UIInterfaceOrientationPortrait UIInterfaceOrientationLandscapeLeft UIInterfaceOrientationLandscapeRight";
				IPHONEOS_DEPLOYMENT_TARGET = 17.0;
				MARKETING_VERSION = 0.1;
				PRODUCT_BUNDLE_IDENTIFIER = com.aiPersonalTrainer.PoseBakeoff;
				PRODUCT_NAME = "$(TARGET_NAME)";
				SUPPORTED_PLATFORMS = "iphoneos iphonesimulator";
				SUPPORTS_MACCATALYST = NO;
				SWIFT_EMIT_LOC_STRINGS = YES;
				SWIFT_VERSION = 5.0;
				TARGETED_DEVICE_FAMILY = 1;
			};
			name = Debug;
		};
		A90000000000000000000008 /* Release */ = {
			isa = XCBuildConfiguration;
			baseConfigurationReference = 21B9AEE022E4141CE2FF8799 /* Pods-PoseBakeoff.release.xcconfig */;
			buildSettings = {
				ASSETCATALOG_COMPILER_GLOBAL_ACCENT_COLOR_NAME = AccentColor;
				CODE_SIGN_STYLE = Automatic;
				CURRENT_PROJECT_VERSION = 1;
				DEVELOPMENT_TEAM = "";
				ENABLE_PREVIEWS = YES;
				GENERATE_INFOPLIST_FILE = YES;
				INFOPLIST_KEY_NSCameraUsageDescription = "PoseBakeoff uses the camera to measure live pose tracking viability.";
				INFOPLIST_KEY_UIApplicationSceneManifest_Generation = YES;
				INFOPLIST_KEY_UIApplicationSupportsIndirectInputEvents = YES;
				INFOPLIST_KEY_UILaunchScreen_Generation = YES;
				INFOPLIST_KEY_UISupportedInterfaceOrientations_iPhone = "UIInterfaceOrientationPortrait UIInterfaceOrientationLandscapeLeft UIInterfaceOrientationLandscapeRight";
				IPHONEOS_DEPLOYMENT_TARGET = 17.0;
				MARKETING_VERSION = 0.1;
				PRODUCT_BUNDLE_IDENTIFIER = com.aiPersonalTrainer.PoseBakeoff;
				PRODUCT_NAME = "$(TARGET_NAME)";
				SUPPORTED_PLATFORMS = "iphoneos iphonesimulator";
				SUPPORTS_MACCATALYST = NO;
				SWIFT_EMIT_LOC_STRINGS = YES;
				SWIFT_VERSION = 5.0;
				TARGETED_DEVICE_FAMILY = 1;
			};
			name = Release;
		};
		A90000000000000000000009 /* Debug */ = {
			isa = XCBuildConfiguration;
			buildSettings = {
				ASSETCATALOG_COMPILER_GLOBAL_ACCENT_COLOR_NAME = AccentColor;
				CODE_SIGN_STYLE = Automatic;
				CURRENT_PROJECT_VERSION = 1;
				DEVELOPMENT_TEAM = "";
				ENABLE_PREVIEWS = YES;
				GENERATE_INFOPLIST_FILE = YES;
				INFOPLIST_KEY_UIApplicationSceneManifest_Generation = YES;
				INFOPLIST_KEY_UIApplicationSupportsIndirectInputEvents = YES;
				INFOPLIST_KEY_UILaunchScreen_Generation = YES;
				INFOPLIST_KEY_UISupportedInterfaceOrientations_iPhone = "UIInterfaceOrientationPortrait UIInterfaceOrientationLandscapeLeft UIInterfaceOrientationLandscapeRight";
				IPHONEOS_DEPLOYMENT_TARGET = 17.0;
				MARKETING_VERSION = 0.1;
				PRODUCT_BUNDLE_IDENTIFIER = com.aiPersonalTrainer.TrainerApp;
				PRODUCT_NAME = "$(TARGET_NAME)";
				SUPPORTED_PLATFORMS = "iphoneos iphonesimulator";
				SUPPORTS_MACCATALYST = NO;
				SWIFT_EMIT_LOC_STRINGS = YES;
				SWIFT_VERSION = 5.0;
				TARGETED_DEVICE_FAMILY = 1;
			};
			name = Debug;
		};
		A9000000000000000000000A /* Release */ = {
			isa = XCBuildConfiguration;
			buildSettings = {
				ASSETCATALOG_COMPILER_GLOBAL_ACCENT_COLOR_NAME = AccentColor;
				CODE_SIGN_STYLE = Automatic;
				CURRENT_PROJECT_VERSION = 1;
				DEVELOPMENT_TEAM = "";
				ENABLE_PREVIEWS = YES;
				GENERATE_INFOPLIST_FILE = YES;
				INFOPLIST_KEY_UIApplicationSceneManifest_Generation = YES;
				INFOPLIST_KEY_UIApplicationSupportsIndirectInputEvents = YES;
				INFOPLIST_KEY_UILaunchScreen_Generation = YES;
				INFOPLIST_KEY_UISupportedInterfaceOrientations_iPhone = "UIInterfaceOrientationPortrait UIInterfaceOrientationLandscapeLeft UIInterfaceOrientationLandscapeRight";
				IPHONEOS_DEPLOYMENT_TARGET = 17.0;
				MARKETING_VERSION = 0.1;
				PRODUCT_BUNDLE_IDENTIFIER = com.aiPersonalTrainer.TrainerApp;
				PRODUCT_NAME = "$(TARGET_NAME)";
				SUPPORTED_PLATFORMS = "iphoneos iphonesimulator";
				SUPPORTS_MACCATALYST = NO;
				SWIFT_EMIT_LOC_STRINGS = YES;
				SWIFT_VERSION = 5.0;
				TARGETED_DEVICE_FAMILY = 1;
			};
			name = Release;
		};
/* End XCBuildConfiguration section */

/* Begin XCConfigurationList section */
		A90000000000000000000001 /* Build configuration list for PBXProject "SquatTrainer" */ = {
			isa = XCConfigurationList;
			buildConfigurations = (
				A90000000000000000000005 /* Debug */,
				A90000000000000000000006 /* Release */,
			);
			defaultConfigurationIsVisible = 0;
			defaultConfigurationName = Release;
		};
		A90000000000000000000003 /* Build configuration list for PBXNativeTarget "PoseBakeoff" */ = {
			isa = XCConfigurationList;
			buildConfigurations = (
				A90000000000000000000007 /* Debug */,
				A90000000000000000000008 /* Release */,
			);
			defaultConfigurationIsVisible = 0;
			defaultConfigurationName = Release;
		};
		A90000000000000000000004 /* Build configuration list for PBXNativeTarget "TrainerApp" */ = {
			isa = XCConfigurationList;
			buildConfigurations = (
				A90000000000000000000009 /* Debug */,
				A9000000000000000000000A /* Release */,
			);
			defaultConfigurationIsVisible = 0;
			defaultConfigurationName = Release;
		};
/* End XCConfigurationList section */

/* Begin XCLocalSwiftPackageReference section */
		A70000000000000000000003 /* XCLocalSwiftPackageReference "PoseCore" */ = {
			isa = XCLocalSwiftPackageReference;
			relativePath = Packages/PoseCore;
		};
		A70000000000000000000004 /* XCLocalSwiftPackageReference "SquatAnalysis" */ = {
			isa = XCLocalSwiftPackageReference;
			relativePath = Packages/SquatAnalysis;
		};
		A70000000000000000000005 /* XCLocalSwiftPackageReference "TrainerCore" */ = {
			isa = XCLocalSwiftPackageReference;
			relativePath = Packages/TrainerCore;
		};
/* End XCLocalSwiftPackageReference section */

/* Begin XCSwiftPackageProductDependency section */
		A70000000000000000000001 /* PoseCore */ = {
			isa = XCSwiftPackageProductDependency;
			package = A70000000000000000000003 /* XCLocalSwiftPackageReference "PoseCore" */;
			productName = PoseCore;
		};
		A70000000000000000000002 /* SquatAnalysis */ = {
			isa = XCSwiftPackageProductDependency;
			package = A70000000000000000000004 /* XCLocalSwiftPackageReference "SquatAnalysis" */;
			productName = SquatAnalysis;
		};
		A70000000000000000000006 /* TrainerCore */ = {
			isa = XCSwiftPackageProductDependency;
			package = A70000000000000000000005 /* XCLocalSwiftPackageReference "TrainerCore" */;
			productName = TrainerCore;
		};
/* End XCSwiftPackageProductDependency section */
	};
	rootObject = A80000000000000000000001 /* Project object */;
}
